
Microsoft Visual Studio Solution File, Format Version 12.00
# Visual Studio Version 17
VisualStudioVersion = 17.9.34728.123
MinimumVisualStudioVersion = 10.0.40219.1
Project("{FAE04EC0-301F-11D3-BF4B-00C04F79EFBC}") = "Snake", "Snake\Snake.csproj", "{A7DDC729-E827-4CF8-8096-58B566D6A0D8}"
EndProject
Global
	GlobalSection(SolutionConfigurationPlatforms) = preSolution
		Debug|Any CPU = Debug|Any CPU
		Release|Any CPU = Release|Any CPU
	EndGlobalSection
	GlobalSection(ProjectConfigurationPlatforms) = postSolution
		{A7DDC729-E827-4CF8-8096-58B566D6A0D8}.Debug|Any CPU.ActiveCfg = Debug|Any CPU
		{A7DDC729-E827-4CF8-8096-58B566D6A0D8}.Debug|Any CPU.Build.0 = Debug|Any CPU
		{A7DDC729-E827-4CF8-8096-58B566D6A0D8}.Release|Any CPU.ActiveCfg = Release|Any CPU
		{A7DDC729-E827-4CF8-8096-58B566D6A0D8}.Release|Any CPU.Build.0 = Release|Any CPU
	EndGlobalSection
	GlobalSection(SolutionProperties) = preSolution
		HideSolutionNode = FALSE
	EndGlobalSection
	GlobalSection(ExtensibilityGlobals) = postSolution
		SolutionGuid = {A035F30D-0F1E-4739-94B4-EE9F049EA8F0}
	EndGlobalSection
EndGlobal
